
Microsoft Visual Studio Solution File, Format Version 12.00
# Visual Studio Version 16
VisualStudioVersion = 16.0.31911.196
MinimumVisualStudioVersion = 10.0.40219.1
Project("{FAE04EC0-301F-11D3-BF4B-00C04F79EFBC}") = "DelegatesFirstlesson", "DelegatesFirstlesson.csproj", "{FD4567A3-E704-43E8-9513-FBE4FEB9A208}"
EndProject
Global
	GlobalSection(SolutionConfigurationPlatforms) = preSolution
		Debug|Any CPU = Debug|Any CPU
		Release|Any CPU = Release|Any CPU
	EndGlobalSection
	GlobalSection(ProjectConfigurationPlatforms) = postSolution
		{FD4567A3-E704-43E8-9513-FBE4FEB9A208}.Debug|Any CPU.ActiveCfg = Debug|Any CPU
		{FD4567A3-E704-43E8-9513-FBE4FEB9A208}.Debug|Any CPU.Build.0 = Debug|Any CPU
		{FD4567A3-E704-43E8-9513-FBE4FEB9A208}.Release|Any CPU.ActiveCfg = Release|Any CPU
		{FD4567A3-E704-43E8-9513-FBE4FEB9A208}.Release|Any CPU.Build.0 = Release|Any CPU
	EndGlobalSection
	GlobalSection(SolutionProperties) = preSolution
		HideSolutionNode = FALSE
	EndGlobalSection
	GlobalSection(ExtensibilityGlobals) = postSolution
		SolutionGuid = {B2DB6CF5-87D8-4FDA-8D32-1187C6190884}
	EndGlobalSection
EndGlobal
